// !$*UTF8*$!
{
	archiveVersion = 1;
	classes = {
	};
	objectVersion = 46;
	objects = {

/* Begin PBXBuildFile section */
		3FDB3967177894CE0032B37E /* UIKit.framework in Frameworks */ = {isa = PBXBuildFile; fileRef = 3FDB3966177894CE0032B37E /* UIKit.framework */; };
		3FDB3969177894CE0032B37E /* Foundation.framework in Frameworks */ = {isa = PBXBuildFile; fileRef = 3FDB3968177894CE0032B37E /* Foundation.framework */; };
		3FDB396B177894CE0032B37E /* CoreGraphics.framework in Frameworks */ = {isa = PBXBuildFile; fileRef = 3FDB396A177894CE0032B37E /* CoreGraphics.framework */; };
		3FDB3971177894CE0032B37E /* InfoPlist.strings in Resources */ = {isa = PBXBuildFile; fileRef = 3FDB396F177894CE0032B37E /* InfoPlist.strings */; };
		3FDB3973177894CE0032B37E /* main.m in Sources */ = {isa = PBXBuildFile; fileRef = 3FDB3972177894CE0032B37E /* main.m */; };
		3FDB3977177894CE0032B37E /* AppDelegate.m in Sources */ = {isa = PBXBuildFile; fileRef = 3FDB3976177894CE0032B37E /* AppDelegate.m */; };
		3FDB3979177894CE0032B37E /* Default.png in Resources */ = {isa = PBXBuildFile; fileRef = 3FDB3978177894CE0032B37E /* Default.png */; };
		3FDB397B177894CE0032B37E /* Default@2x.png in Resources */ = {isa = PBXBuildFile; fileRef = 3FDB397A177894CE0032B37E /* Default@2x.png */; };
		3FDB397D177894CE0032B37E /* Default-568h@2x.png in Resources */ = {isa = PBXBuildFile; fileRef = 3FDB397C177894CE0032B37E /* Default-568h@2x.png */; };
		3FDB3980177894CE0032B37E /* ViewController.m in Sources */ = {isa = PBXBuildFile; fileRef = 3FDB397F177894CE0032B37E /* ViewController.m */; };
		3FDB3983177894CE0032B37E /* ViewController_iPhone.xib in Resources */ = {isa = PBXBuildFile; fileRef = 3FDB3981177894CE0032B37E /* ViewController_iPhone.xib */; };
		3FDB3986177894CE0032B37E /* ViewController_iPad.xib in Resources */ = {isa = PBXBuildFile; fileRef = 3FDB3984177894CE0032B37E /* ViewController_iPad.xib */; };
/* End PBXBuildFile section */

/* Begin PBXFileReference section */
		3FDB3963177894CE0032B37E /* testApp.app */ = {isa = PBXFileReference; explicitFileType = wrapper.application; includeInIndex = 0; path = testApp.app; sourceTree = BUILT_PRODUCTS_DIR; };
		3FDB3966177894CE0032B37E /* UIKit.framework */ = {isa = PBXFileReference; lastKnownFileType = wrapper.framework; name = UIKit.framework; path = System/Library/Frameworks/UIKit.framework; sourceTree = SDKROOT; };
		3FDB3968177894CE0032B37E /* Foundation.framework */ = {isa = PBXFileReference; lastKnownFileType = wrapper.framework; name = Foundation.framework; path = System/Library/Frameworks/Foundation.framework; sourceTree = SDKROOT; };
		3FDB396A177894CE0032B37E /* CoreGraphics.framework */ = {isa = PBXFileReference; lastKnownFileType = wrapper.framework; name = CoreGraphics.framework; path = System/Library/Frameworks/CoreGraphics.framework; sourceTree = SDKROOT; };
		3FDB396E177894CE0032B37E /* testApp-Info.plist */ = {isa = PBXFileReference; lastKnownFileType = text.plist.xml; path = "testApp-Info.plist"; sourceTree = "<group>"; };
		3FDB3970177894CE0032B37E /* en */ = {isa = PBXFileReference; lastKnownFileType = text.plist.strings; name = en; path = en.lproj/InfoPlist.strings; sourceTree = "<group>"; };
		3FDB3972177894CE0032B37E /* main.m */ = {isa = PBXFileReference; lastKnownFileType = sourcecode.c.objc; path = main.m; sourceTree = "<group>"; };
		3FDB3974177894CE0032B37E /* testApp-Prefix.pch */ = {isa = PBXFileReference; lastKnownFileType = sourcecode.c.h; path = "testApp-Prefix.pch"; sourceTree = "<group>"; };
		3FDB3975177894CE0032B37E /* AppDelegate.h */ = {isa = PBXFileReference; lastKnownFileType = sourcecode.c.h; path = AppDelegate.h; sourceTree = "<group>"; };
		3FDB3976177894CE0032B37E /* AppDelegate.m */ = {isa = PBXFileReference; lastKnownFileType = sourcecode.c.objc; path = AppDelegate.m; sourceTree = "<group>"; };
		3FDB3978177894CE0032B37E /* Default.png */ = {isa = PBXFileReference; lastKnownFileType = image.png; path = Default.png; sourceTree = "<group>"; };
		3FDB397A177894CE0032B37E /* Default@2x.png */ = {isa = PBXFileReference; lastKnownFileType = image.png; path = "Default@2x.png"; sourceTree = "<group>"; };
		3FDB397C177894CE0032B37E /* Default-568h@2x.png */ = {isa = PBXFileReference; lastKnownFileType = image.png; path = "Default-568h@2x.png"; sourceTree = "<group>"; };
		3FDB397E177894CE0032B37E /* ViewController.h */ = {isa = PBXFileReference; lastKnownFileType = sourcecode.c.h; path = ViewController.h; sourceTree = "<group>"; };
		3FDB397F177894CE0032B37E /* ViewController.m */ = {isa = PBXFileReference; lastKnownFileType = sourcecode.c.objc; path = ViewController.m; sourceTree = "<group>"; };
		3FDB3982177894CE0032B37E /* en */ = {isa = PBXFileReference; lastKnownFileType = file.xib; name = en; path = en.lproj/ViewController_iPhone.xib; sourceTree = "<group>"; };
		3FDB3985177894CE0032B37E /* en */ = {isa = PBXFileReference; lastKnownFileType = file.xib; name = en; path = en.lproj/ViewController_iPad.xib; sourceTree = "<group>"; };
/* End PBXFileReference section */

/* Begin PBXFrameworksBuildPhase section */
		3FDB3960177894CE0032B37E /* Frameworks */ = {
			isa = PBXFrameworksBuildPhase;
			buildActionMask = 2147483647;
			files = (
				3FDB3967177894CE0032B37E /* UIKit.framework in Frameworks */,
				3FDB3969177894CE0032B37E /* Foundation.framework in Frameworks */,
				3FDB396B177894CE0032B37E /* CoreGraphics.framework in Frameworks */,
			);
			runOnlyForDeploymentPostprocessing = 0;
		};
/* End PBXFrameworksBuildPhase section */

/* Begin PBXGroup section */
		3FDB395A177894CE0032B37E = {
			isa = PBXGroup;
			children = (
				3FDB396C177894CE0032B37E /* testApp */,
				3FDB3965177894CE0032B37E /* Frameworks */,
				3FDB3964177894CE0032B37E /* Products */,
			);
			sourceTree = "<group>";
		};
		3FDB3964177894CE0032B37E /* Products */ = {
			isa = PBXGroup;
			children = (
				3FDB3963177894CE0032B37E /* testApp.app */,
			);
			name = Products;
			sourceTree = "<group>";
		};
		3FDB3965177894CE0032B37E /* Frameworks */ = {
			isa = PBXGroup;
			children = (
				3FDB3966177894CE0032B37E /* UIKit.framework */,
				3FDB3968177894CE0032B37E /* Foundation.framework */,
				3FDB396A177894CE0032B37E /* CoreGraphics.framework */,
			);
			name = Frameworks;
			sourceTree = "<group>";
		};
		3FDB396C177894CE0032B37E /* testApp */ = {
			isa = PBXGroup;
			children = (
				3FDB3975177894CE0032B37E /* AppDelegate.h */,
				3FDB3976177894CE0032B37E /* AppDelegate.m */,
				3FDB397E177894CE0032B37E /* ViewController.h */,
				3FDB397F177894CE0032B37E /* ViewController.m */,
				3FDB3981177894CE0032B37E /* ViewController_iPhone.xib */,
				3FDB3984177894CE0032B37E /* ViewController_iPad.xib */,
				3FDB396D177894CE0032B37E /* Supporting Files */,
			);
			path = testApp;
			sourceTree = "<group>";
		};
		3FDB396D177894CE0032B37E /* Supporting Files */ = {
			isa = PBXGroup;
			children = (
				3FDB396E177894CE0032B37E /* testApp-Info.plist */,
				3FDB396F177894CE0032B37E /* InfoPlist.strings */,
				3FDB3972177894CE0032B37E /* main.m */,
				3FDB3974177894CE0032B37E /* testApp-Prefix.pch */,
				3FDB3978177894CE0032B37E /* Default.png */,
				3FDB397A177894CE0032B37E /* Default@2x.png */,
				3FDB397C177894CE0032B37E /* Default-568h@2x.png */,
			);
			name = "Supporting Files";
			sourceTree = "<group>";
		};
/* End PBXGroup section */

/* Begin PBXNativeTarget section */
		3FDB3962177894CE0032B37E /* testApp */ = {
			isa = PBXNativeTarget;
			buildConfigurationList = 3FDB3989177894CE0032B37E /* Build configuration list for PBXNativeTarget "testApp" */;
			buildPhases = (
				3FDB395F177894CE0032B37E /* Sources */,
				3FDB3960177894CE0032B37E /* Frameworks */,
				3FDB3961177894CE0032B37E /* Resources */,
			);
			buildRules = (
			);
			dependencies = (
			);
			name = testApp;
			productName = testApp;
			productReference = 3FDB3963177894CE0032B37E /* testApp.app */;
			productType = "com.apple.product-type.application";
		};
/* End PBXNativeTarget section */

/* Begin PBXProject section */
		3FDB395B177894CE0032B37E /* Project object */ = {
			isa = PBXProject;
			attributes = {
				LastUpgradeCheck = 0460;
				ORGANIZATIONNAME = "George Elia";
			};
			buildConfigurationList = 3FDB395E177894CE0032B37E /* Build configuration list for PBXProject "testApp" */;
			compatibilityVersion = "Xcode 3.2";
			developmentRegion = English;
			hasScannedForEncodings = 0;
			knownRegions = (
				en,
			);
			mainGroup = 3FDB395A177894CE0032B37E;
			productRefGroup = 3FDB3964177894CE0032B37E /* Products */;
			projectDirPath = "";
			projectRoot = "";
			targets = (
				3FDB3962177894CE0032B37E /* testApp */,
			);
		};
/* End PBXProject section */

/* Begin PBXResourcesBuildPhase section */
		3FDB3961177894CE0032B37E /* Resources */ = {
			isa = PBXResourcesBuildPhase;
			buildActionMask = 2147483647;
			files = (
				3FDB3971177894CE0032B37E /* InfoPlist.strings in Resources */,
				3FDB3979177894CE0032B37E /* Default.png in Resources */,
				3FDB397B177894CE0032B37E /* Default@2x.png in Resources */,
				3FDB397D177894CE0032B37E /* Default-568h@2x.png in Resources */,
				3FDB3983177894CE0032B37E /* ViewController_iPhone.xib in Resources */,
				3FDB3986177894CE0032B37E /* ViewController_iPad.xib in Resources */,
			);
			runOnlyForDeploymentPostprocessing = 0;
		};
/* End PBXResourcesBuildPhase section */

/* Begin PBXSourcesBuildPhase section */
		3FDB395F177894CE0032B37E /* Sources */ = {
			isa = PBXSourcesBuildPhase;
			buildActionMask = 2147483647;
			files = (
				3FDB3973177894CE0032B37E /* main.m in Sources */,
				3FDB3977177894CE0032B37E /* AppDelegate.m in Sources */,
				3FDB3980177894CE0032B37E /* ViewController.m in Sources */,
			);
			runOnlyForDeploymentPostprocessing = 0;
		};
/* End PBXSourcesBuildPhase section */

/* Begin PBXVariantGroup section */
		3FDB396F177894CE0032B37E /* InfoPlist.strings */ = {
			isa = PBXVariantGroup;
			children = (
				3FDB3970177894CE0032B37E /* en */,
			);
			name = InfoPlist.strings;
			sourceTree = "<group>";
		};
		3FDB3981177894CE0032B37E /* ViewController_iPhone.xib */ = {
			isa = PBXVariantGroup;
			children = (
				3FDB3982177894CE0032B37E /* en */,
			);
			name = ViewController_iPhone.xib;
			sourceTree = "<group>";
		};
		3FDB3984177894CE0032B37E /* ViewController_iPad.xib */ = {
			isa = PBXVariantGroup;
			children = (
				3FDB3985177894CE0032B37E /* en */,
			);
			name = ViewController_iPad.xib;
			sourceTree = "<group>";
		};
/* End PBXVariantGroup section */

/* Begin XCBuildConfiguration section */
		3FDB3987177894CE0032B37E /* Debug */ = {
			isa = XCBuildConfiguration;
			buildSettings = {
				ALWAYS_SEARCH_USER_PATHS = NO;
				CLANG_CXX_LANGUAGE_STANDARD = "gnu++0x";
				CLANG_CXX_LIBRARY = "libc++";
				CLANG_ENABLE_OBJC_ARC = YES;
				CLANG_WARN_CONSTANT_CONVERSION = YES;
				CLANG_WARN_EMPTY_BODY = YES;
				CLANG_WARN_ENUM_CONVERSION = YES;
				CLANG_WARN_INT_CONVERSION = YES;
				CLANG_WARN__DUPLICATE_METHOD_MATCH = YES;
				"CODE_SIGN_IDENTITY[sdk=iphoneos*]" = "iPhone Developer";
				COPY_PHASE_STRIP = NO;
				GCC_C_LANGUAGE_STANDARD = gnu99;
				GCC_DYNAMIC_NO_PIC = NO;
				GCC_OPTIMIZATION_LEVEL = 0;
				GCC_PREPROCESSOR_DEFINITIONS = (
					"DEBUG=1",
					"$(inherited)",
				);
				GCC_SYMBOLS_PRIVATE_EXTERN = NO;
				GCC_WARN_ABOUT_RETURN_TYPE = YES;
				GCC_WARN_UNINITIALIZED_AUTOS = YES;
				GCC_WARN_UNUSED_VARIABLE = YES;
				IPHONEOS_DEPLOYMENT_TARGET = 6.1;
				ONLY_ACTIVE_ARCH = YES;
				SDKROOT = iphoneos;
				TARGETED_DEVICE_FAMILY = "1,2";
			};
			name = Debug;
		};
		3FDB3988177894CE0032B37E /* Release */ = {
			isa = XCBuildConfiguration;
			buildSettings = {
				ALWAYS_SEARCH_USER_PATHS = NO;
				CLANG_CXX_LANGUAGE_STANDARD = "gnu++0x";
				CLANG_CXX_LIBRARY = "libc++";
				CLANG_ENABLE_OBJC_ARC = YES;
				CLANG_WARN_CONSTANT_CONVERSION = YES;
				CLANG_WARN_EMPTY_BODY = YES;
				CLANG_WARN_ENUM_CONVERSION = YES;
				CLANG_WARN_INT_CONVERSION = YES;
				CLANG_WARN__DUPLICATE_METHOD_MATCH = YES;
				"CODE_SIGN_IDENTITY[sdk=iphoneos*]" = "iPhone Developer";
				COPY_PHASE_STRIP = YES;
				GCC_C_LANGUAGE_STANDARD = gnu99;
				GCC_WARN_ABOUT_RETURN_TYPE = YES;
				GCC_WARN_UNINITIALIZED_AUTOS = YES;
				GCC_WARN_UNUSED_VARIABLE = YES;
				IPHONEOS_DEPLOYMENT_TARGET = 6.1;
				OTHER_CFLAGS = "-DNS_BLOCK_ASSERTIONS=1";
				SDKROOT = iphoneos;
				TARGETED_DEVICE_FAMILY = "1,2";
				VALIDATE_PRODUCT = YES;
			};
			name = Release;
		};
		3FDB398A177894CE0032B37E /* Debug */ = {
			isa = XCBuildConfiguration;
			buildSettings = {
				GCC_PRECOMPILE_PREFIX_HEADER = YES;
				GCC_PREFIX_HEADER = "testApp/testApp-Prefix.pch";
				INFOPLIST_FILE = "testApp/testApp-Info.plist";
				PRODUCT_NAME = "$(TARGET_NAME)";
				WRAPPER_EXTENSION = app;
			};
			name = Debug;
		};
		3FDB398B177894CE0032B37E /* Release */ = {
			isa = XCBuildConfiguration;
			buildSettings = {
				GCC_PRECOMPILE_PREFIX_HEADER = YES;
				GCC_PREFIX_HEADER = "testApp/testApp-Prefix.pch";
				INFOPLIST_FILE = "testApp/testApp-Info.plist";
				PRODUCT_NAME = "$(TARGET_NAME)";
				WRAPPER_EXTENSION = app;
			};
			name = Release;
		};
/* End XCBuildConfiguration section */

/* Begin XCConfigurationList section */
		3FDB395E177894CE0032B37E /* Build configuration list for PBXProject "testApp" */ = {
			isa = XCConfigurationList;
			buildConfigurations = (
				3FDB3987177894CE0032B37E /* Debug */,
				3FDB3988177894CE0032B37E /* Release */,
			);
			defaultConfigurationIsVisible = 0;
			defaultConfigurationName = Release;
		};
		3FDB3989177894CE0032B37E /* Build configuration list for PBXNativeTarget "testApp" */ = {
			isa = XCConfigurationList;
			buildConfigurations = (
				3FDB398A177894CE0032B37E /* Debug */,
				3FDB398B177894CE0032B37E /* Release */,
			);
			defaultConfigurationIsVisible = 0;
		};
/* End XCConfigurationList section */
	};
	rootObject = 3FDB395B177894CE0032B37E /* Project object */;
}
